{
  "name": "mac_address_capture",
  "version": "1.0.0",
  "lockfileVersion": 3,
  "requires": true,
  "packages": {
    "": {
      "name": "mac_address_capture",
      "version": "1.0.0",
      "dependencies": {
        "os-service": "^2.2.0"
      },
      "bin": {
        "mac_address_capture": "app.js"
      }
    },
    "node_modules/nan": {
      "version": "2.14.2",
      "resolved": "https://registry.npmmirror.com/nan/-/nan-2.14.2.tgz",
      "integrity": "sha512-M2ufzIiINKCuDfBSAUr1vWQ+vuVcA9kqx8JJUsbQi6yf1uGRyb7HfpdfUr5qLXf3B/t8dPvcjhKMmlfnP47EzQ=="
    },
    "node_modules/os-service": {
      "version": "2.2.0",
      "resolved": "https://registry.npmmirror.com/os-service/-/os-service-2.2.0.tgz",
      "integrity": "sha512-bc1BBoCCbVjHqF/EWYvCu0hE/PSs2VM/5lQLPqjkjelP0FQSI42s8/J8gMA1nqeNqyo2MaEFnlBz4ViI5IZxdQ==",
      "hasInstallScript": true,
      "dependencies": {
        "nan": "2.14.x"
      }
    }
  }
}
